<?xml version="1.0" encoding="utf-8"?>
<Project ToolsVersion="4.0" xmlns="http://schemas.microsoft.com/developer/msbuild/2003">
  <ItemGroup>
    <ClCompile Include="kdTree.cpp" />
    <ClCompile Include="ml.cpp" />
    <ClCompile Include="perceptron.cpp" />
    <ClCompile Include="stdafx.cpp" />
  </ItemGroup>
  <ItemGroup>
    <ClInclude Include="my_math.h" />
    <ClInclude Include="kdTree.h" />
    <ClInclude Include="knn_force.h" />
    <ClInclude Include="perceptron.h" />
    <ClInclude Include="stdafx.h" />
    <ClInclude Include="targetver.h" />
    <ClInclude Include="my_rand_data.h" />
    <ClInclude Include="bayes.h" />
  </ItemGroup>
  <ItemGroup>
    <Text Include="ReadMe.txt" />
  </ItemGroup>
</Project>